
Microsoft Visual Studio Solution File, Format Version 12.00
# Visual Studio Version 17
VisualStudioVersion = 17.8.34330.188
MinimumVisualStudioVersion = 10.0.40219.1
Project("{FAE04EC0-301F-11D3-BF4B-00C04F79EFBC}") = "pokemon", "pokemon.csproj", "{B7DDD1C6-50ED-46C0-B5D0-F4705535E3D0}"
EndProject
Project("{54435603-DBB4-11D2-8724-00A0C9A8B90C}") = "Setup1", "PokemonSetup\Setup1\Setup1.vdproj", "{BFA52A55-89D8-4C2D-A303-6090D2EDD7EE}"
EndProject
Global
	GlobalSection(SolutionConfigurationPlatforms) = preSolution
		Debug|Any CPU = Debug|Any CPU
		Release|Any CPU = Release|Any CPU
	EndGlobalSection
	GlobalSection(ProjectConfigurationPlatforms) = postSolution
		{B7DDD1C6-50ED-46C0-B5D0-F4705535E3D0}.Debug|Any CPU.ActiveCfg = Debug|Any CPU
		{B7DDD1C6-50ED-46C0-B5D0-F4705535E3D0}.Debug|Any CPU.Build.0 = Debug|Any CPU
		{B7DDD1C6-50ED-46C0-B5D0-F4705535E3D0}.Release|Any CPU.ActiveCfg = Release|Any CPU
		{B7DDD1C6-50ED-46C0-B5D0-F4705535E3D0}.Release|Any CPU.Build.0 = Release|Any CPU
		{BFA52A55-89D8-4C2D-A303-6090D2EDD7EE}.Debug|Any CPU.ActiveCfg = Debug
		{BFA52A55-89D8-4C2D-A303-6090D2EDD7EE}.Release|Any CPU.ActiveCfg = Release
	EndGlobalSection
	GlobalSection(SolutionProperties) = preSolution
		HideSolutionNode = FALSE
	EndGlobalSection
	GlobalSection(ExtensibilityGlobals) = postSolution
		SolutionGuid = {67061097-9083-46BB-A8C2-2FD97D07B486}
	EndGlobalSection
EndGlobal
